
Microsoft Visual Studio Solution File, Format Version 12.00
# Visual Studio Version 17
VisualStudioVersion = 17.6.33829.357
MinimumVisualStudioVersion = 10.0.40219.1
Project("{FAE04EC0-301F-11D3-BF4B-00C04F79EFBC}") = "AcePacific", "AcePacific.csproj", "{93BF2558-B4A8-41DD-80F1-E1C982A036E6}"
EndProject
Global
	GlobalSection(SolutionConfigurationPlatforms) = preSolution
		Debug|Any CPU = Debug|Any CPU
		Release|Any CPU = Release|Any CPU
	EndGlobalSection
	GlobalSection(ProjectConfigurationPlatforms) = postSolution
		{93BF2558-B4A8-41DD-80F1-E1C982A036E6}.Debug|Any CPU.ActiveCfg = Debug|Any CPU
		{93BF2558-B4A8-41DD-80F1-E1C982A036E6}.Debug|Any CPU.Build.0 = Debug|Any CPU
		{93BF2558-B4A8-41DD-80F1-E1C982A036E6}.Release|Any CPU.ActiveCfg = Release|Any CPU
		{93BF2558-B4A8-41DD-80F1-E1C982A036E6}.Release|Any CPU.Build.0 = Release|Any CPU
	EndGlobalSection
	GlobalSection(SolutionProperties) = preSolution
		HideSolutionNode = FALSE
	EndGlobalSection
	GlobalSection(ExtensibilityGlobals) = postSolution
		SolutionGuid = {761E5458-ED5D-42FA-9531-D949E7838DC8}
	EndGlobalSection
EndGlobal
